Microsoft Visual Studio Solution File, Format Version 8.00
Project("{F184B08F-C81C-45F6-A57F-5ABD9991F28F}") = "GenCode", "GenCode.vbproj", "{055CB6D8-4AF2-4969-8F73-7386D65EC0D0}"
	ProjectSection(ProjectDependencies) = postProject
	EndProjectSection
EndProject
Global
	GlobalSection(SolutionConfiguration) = preSolution
		Debug = Debug
		Release = Release
	EndGlobalSection
	GlobalSection(ProjectConfiguration) = postSolution
		{055CB6D8-4AF2-4969-8F73-7386D65EC0D0}.Debug.ActiveCfg = Debug|.NET
		{055CB6D8-4AF2-4969-8F73-7386D65EC0D0}.Debug.Build.0 = Debug|.NET
		{055CB6D8-4AF2-4969-8F73-7386D65EC0D0}.Release.ActiveCfg = Release|.NET
		{055CB6D8-4AF2-4969-8F73-7386D65EC0D0}.Release.Build.0 = Release|.NET
	EndGlobalSection
	GlobalSection(ExtensibilityGlobals) = postSolution
	EndGlobalSection
	GlobalSection(ExtensibilityAddIns) = postSolution
	EndGlobalSection
EndGlobal
