Microsoft Visual Studio Solution File, Format Version 11.00
# Visual Studio 2010
Project("{F184B08F-C81C-45F6-A57F-5ABD9991F28F}") = "IPBusinessService", "IPBusinessService\IPBusinessService.vbproj", "{73CA732C-2CFB-4A14-B0B9-F43763B1C2F3}"
EndProject
Project("{F184B08F-C81C-45F6-A57F-5ABD9991F28F}") = "IPCommon", "IPCommon\IPCommon.vbproj", "{2A74F1D1-C0EE-41FE-A708-A83B285ACCF2}"
EndProject
Project("{F184B08F-C81C-45F6-A57F-5ABD9991F28F}") = "IPData", "IPData\IPData.vbproj", "{9ACEDD70-FDA2-44D8-A004-3A7EAF86A954}"
EndProject
Project("{F184B08F-C81C-45F6-A57F-5ABD9991F28F}") = "IPException", "IPException\IPException.vbproj", "{B73156C2-7034-4DEA-A308-5E1782FF8DB4}"
EndProject
Project("{F184B08F-C81C-45F6-A57F-5ABD9991F28F}") = "IPSystemAdmin", "IPSystemAdmin\IPSystemAdmin.vbproj", "{455CD3A5-79BA-480A-B9BD-D4A7DDA397A8}"
EndProject
Project("{F184B08F-C81C-45F6-A57F-5ABD9991F28F}") = "IPUserService", "IPUserService\IPUserService.vbproj", "{B490EA92-2990-4CBB-B58B-12901AFCCCB5}"
EndProject
Project("{F184B08F-C81C-45F6-A57F-5ABD9991F28F}") = "IPExcelReport", "IPExcelReport\IPExcelReport.vbproj", "{957C06D0-FF42-4C7A-B5E8-7E15C1522B59}"
EndProject
Project("{FAE04EC0-301F-11D3-BF4B-00C04F79EFBC}") = "BKITrainingDS", "BKITrainingDS\BKITrainingDS.csproj", "{39DC1A18-A725-4DF1-93CE-467C130CEEF9}"
EndProject
Project("{FAE04EC0-301F-11D3-BF4B-00C04F79EFBC}") = "BKITrainingUS", "BKITrainingUS\BKITrainingUS.csproj", "{A6E36F4B-6825-44A8-9396-C5BBD8630CB0}"
EndProject
Project("{FAE04EC0-301F-11D3-BF4B-00C04F79EFBC}") = "BKITrainingProject", "BKITrainingProject\BKITrainingProject.csproj", "{78272235-1F54-4999-968E-A24136D4F875}"
EndProject
Global
	GlobalSection(SolutionConfigurationPlatforms) = preSolution
		BondDebug|Any CPU = BondDebug|Any CPU
		Debug|Any CPU = Debug|Any CPU
		iFASDebug|Any CPU = iFASDebug|Any CPU
		PersonalBuild|Any CPU = PersonalBuild|Any CPU
		Release|Any CPU = Release|Any CPU
		SIPDebug|Any CPU = SIPDebug|Any CPU
	EndGlobalSection
	GlobalSection(ProjectConfigurationPlatforms) = postSolution
		{73CA732C-2CFB-4A14-B0B9-F43763B1C2F3}.BondDebug|Any CPU.ActiveCfg = Debug|Any CPU
		{73CA732C-2CFB-4A14-B0B9-F43763B1C2F3}.BondDebug|Any CPU.Build.0 = Debug|Any CPU
		{73CA732C-2CFB-4A14-B0B9-F43763B1C2F3}.Debug|Any CPU.ActiveCfg = Debug|Any CPU
		{73CA732C-2CFB-4A14-B0B9-F43763B1C2F3}.Debug|Any CPU.Build.0 = Debug|Any CPU
		{73CA732C-2CFB-4A14-B0B9-F43763B1C2F3}.iFASDebug|Any CPU.ActiveCfg = Debug|Any CPU
		{73CA732C-2CFB-4A14-B0B9-F43763B1C2F3}.iFASDebug|Any CPU.Build.0 = Debug|Any CPU
		{73CA732C-2CFB-4A14-B0B9-F43763B1C2F3}.PersonalBuild|Any CPU.ActiveCfg = PersonalBuild|Any CPU
		{73CA732C-2CFB-4A14-B0B9-F43763B1C2F3}.PersonalBuild|Any CPU.Build.0 = PersonalBuild|Any CPU
		{73CA732C-2CFB-4A14-B0B9-F43763B1C2F3}.Release|Any CPU.ActiveCfg = Release|Any CPU
		{73CA732C-2CFB-4A14-B0B9-F43763B1C2F3}.Release|Any CPU.Build.0 = Release|Any CPU
		{73CA732C-2CFB-4A14-B0B9-F43763B1C2F3}.SIPDebug|Any CPU.ActiveCfg = Debug|Any CPU
		{73CA732C-2CFB-4A14-B0B9-F43763B1C2F3}.SIPDebug|Any CPU.Build.0 = Debug|Any CPU
		{2A74F1D1-C0EE-41FE-A708-A83B285ACCF2}.BondDebug|Any CPU.ActiveCfg = Debug|Any CPU
		{2A74F1D1-C0EE-41FE-A708-A83B285ACCF2}.BondDebug|Any CPU.Build.0 = Debug|Any CPU
		{2A74F1D1-C0EE-41FE-A708-A83B285ACCF2}.Debug|Any CPU.ActiveCfg = Debug|Any CPU
		{2A74F1D1-C0EE-41FE-A708-A83B285ACCF2}.Debug|Any CPU.Build.0 = Debug|Any CPU
		{2A74F1D1-C0EE-41FE-A708-A83B285ACCF2}.iFASDebug|Any CPU.ActiveCfg = Debug|Any CPU
		{2A74F1D1-C0EE-41FE-A708-A83B285ACCF2}.iFASDebug|Any CPU.Build.0 = Debug|Any CPU
		{2A74F1D1-C0EE-41FE-A708-A83B285ACCF2}.PersonalBuild|Any CPU.ActiveCfg = PersonalBuild|Any CPU
		{2A74F1D1-C0EE-41FE-A708-A83B285ACCF2}.PersonalBuild|Any CPU.Build.0 = PersonalBuild|Any CPU
		{2A74F1D1-C0EE-41FE-A708-A83B285ACCF2}.Release|Any CPU.ActiveCfg = Release|Any CPU
		{2A74F1D1-C0EE-41FE-A708-A83B285ACCF2}.Release|Any CPU.Build.0 = Release|Any CPU
		{2A74F1D1-C0EE-41FE-A708-A83B285ACCF2}.SIPDebug|Any CPU.ActiveCfg = Debug|Any CPU
		{2A74F1D1-C0EE-41FE-A708-A83B285ACCF2}.SIPDebug|Any CPU.Build.0 = Debug|Any CPU
		{9ACEDD70-FDA2-44D8-A004-3A7EAF86A954}.BondDebug|Any CPU.ActiveCfg = Debug|Any CPU
		{9ACEDD70-FDA2-44D8-A004-3A7EAF86A954}.BondDebug|Any CPU.Build.0 = Debug|Any CPU
		{9ACEDD70-FDA2-44D8-A004-3A7EAF86A954}.Debug|Any CPU.ActiveCfg = Debug|Any CPU
		{9ACEDD70-FDA2-44D8-A004-3A7EAF86A954}.Debug|Any CPU.Build.0 = Debug|Any CPU
		{9ACEDD70-FDA2-44D8-A004-3A7EAF86A954}.iFASDebug|Any CPU.ActiveCfg = Debug|Any CPU
		{9ACEDD70-FDA2-44D8-A004-3A7EAF86A954}.iFASDebug|Any CPU.Build.0 = Debug|Any CPU
		{9ACEDD70-FDA2-44D8-A004-3A7EAF86A954}.PersonalBuild|Any CPU.ActiveCfg = PersonalBuild|Any CPU
		{9ACEDD70-FDA2-44D8-A004-3A7EAF86A954}.PersonalBuild|Any CPU.Build.0 = PersonalBuild|Any CPU
		{9ACEDD70-FDA2-44D8-A004-3A7EAF86A954}.Release|Any CPU.ActiveCfg = Release|Any CPU
		{9ACEDD70-FDA2-44D8-A004-3A7EAF86A954}.Release|Any CPU.Build.0 = Release|Any CPU
		{9ACEDD70-FDA2-44D8-A004-3A7EAF86A954}.SIPDebug|Any CPU.ActiveCfg = Debug|Any CPU
		{9ACEDD70-FDA2-44D8-A004-3A7EAF86A954}.SIPDebug|Any CPU.Build.0 = Debug|Any CPU
		{B73156C2-7034-4DEA-A308-5E1782FF8DB4}.BondDebug|Any CPU.ActiveCfg = Debug|Any CPU
		{B73156C2-7034-4DEA-A308-5E1782FF8DB4}.BondDebug|Any CPU.Build.0 = Debug|Any CPU
		{B73156C2-7034-4DEA-A308-5E1782FF8DB4}.Debug|Any CPU.ActiveCfg = Debug|Any CPU
		{B73156C2-7034-4DEA-A308-5E1782FF8DB4}.Debug|Any CPU.Build.0 = Debug|Any CPU
		{B73156C2-7034-4DEA-A308-5E1782FF8DB4}.iFASDebug|Any CPU.ActiveCfg = Debug|Any CPU
		{B73156C2-7034-4DEA-A308-5E1782FF8DB4}.iFASDebug|Any CPU.Build.0 = Debug|Any CPU
		{B73156C2-7034-4DEA-A308-5E1782FF8DB4}.PersonalBuild|Any CPU.ActiveCfg = PersonalBuild|Any CPU
		{B73156C2-7034-4DEA-A308-5E1782FF8DB4}.PersonalBuild|Any CPU.Build.0 = PersonalBuild|Any CPU
		{B73156C2-7034-4DEA-A308-5E1782FF8DB4}.Release|Any CPU.ActiveCfg = Release|Any CPU
		{B73156C2-7034-4DEA-A308-5E1782FF8DB4}.Release|Any CPU.Build.0 = Release|Any CPU
		{B73156C2-7034-4DEA-A308-5E1782FF8DB4}.SIPDebug|Any CPU.ActiveCfg = Debug|Any CPU
		{B73156C2-7034-4DEA-A308-5E1782FF8DB4}.SIPDebug|Any CPU.Build.0 = Debug|Any CPU
		{455CD3A5-79BA-480A-B9BD-D4A7DDA397A8}.BondDebug|Any CPU.ActiveCfg = Debug|Any CPU
		{455CD3A5-79BA-480A-B9BD-D4A7DDA397A8}.BondDebug|Any CPU.Build.0 = Debug|Any CPU
		{455CD3A5-79BA-480A-B9BD-D4A7DDA397A8}.Debug|Any CPU.ActiveCfg = Debug|Any CPU
		{455CD3A5-79BA-480A-B9BD-D4A7DDA397A8}.Debug|Any CPU.Build.0 = Debug|Any CPU
		{455CD3A5-79BA-480A-B9BD-D4A7DDA397A8}.iFASDebug|Any CPU.ActiveCfg = Debug|Any CPU
		{455CD3A5-79BA-480A-B9BD-D4A7DDA397A8}.iFASDebug|Any CPU.Build.0 = Debug|Any CPU
		{455CD3A5-79BA-480A-B9BD-D4A7DDA397A8}.PersonalBuild|Any CPU.ActiveCfg = PersonalBuild|Any CPU
		{455CD3A5-79BA-480A-B9BD-D4A7DDA397A8}.PersonalBuild|Any CPU.Build.0 = PersonalBuild|Any CPU
		{455CD3A5-79BA-480A-B9BD-D4A7DDA397A8}.Release|Any CPU.ActiveCfg = Release|Any CPU
		{455CD3A5-79BA-480A-B9BD-D4A7DDA397A8}.Release|Any CPU.Build.0 = Release|Any CPU
		{455CD3A5-79BA-480A-B9BD-D4A7DDA397A8}.SIPDebug|Any CPU.ActiveCfg = Debug|Any CPU
		{455CD3A5-79BA-480A-B9BD-D4A7DDA397A8}.SIPDebug|Any CPU.Build.0 = Debug|Any CPU
		{B490EA92-2990-4CBB-B58B-12901AFCCCB5}.BondDebug|Any CPU.ActiveCfg = Debug|Any CPU
		{B490EA92-2990-4CBB-B58B-12901AFCCCB5}.BondDebug|Any CPU.Build.0 = Debug|Any CPU
		{B490EA92-2990-4CBB-B58B-12901AFCCCB5}.Debug|Any CPU.ActiveCfg = Debug|Any CPU
		{B490EA92-2990-4CBB-B58B-12901AFCCCB5}.Debug|Any CPU.Build.0 = Debug|Any CPU
		{B490EA92-2990-4CBB-B58B-12901AFCCCB5}.iFASDebug|Any CPU.ActiveCfg = Debug|Any CPU
		{B490EA92-2990-4CBB-B58B-12901AFCCCB5}.iFASDebug|Any CPU.Build.0 = Debug|Any CPU
		{B490EA92-2990-4CBB-B58B-12901AFCCCB5}.PersonalBuild|Any CPU.ActiveCfg = PersonalBuild|Any CPU
		{B490EA92-2990-4CBB-B58B-12901AFCCCB5}.PersonalBuild|Any CPU.Build.0 = PersonalBuild|Any CPU
		{B490EA92-2990-4CBB-B58B-12901AFCCCB5}.Release|Any CPU.ActiveCfg = Release|Any CPU
		{B490EA92-2990-4CBB-B58B-12901AFCCCB5}.Release|Any CPU.Build.0 = Release|Any CPU
		{B490EA92-2990-4CBB-B58B-12901AFCCCB5}.SIPDebug|Any CPU.ActiveCfg = Debug|Any CPU
		{B490EA92-2990-4CBB-B58B-12901AFCCCB5}.SIPDebug|Any CPU.Build.0 = Debug|Any CPU
		{957C06D0-FF42-4C7A-B5E8-7E15C1522B59}.BondDebug|Any CPU.ActiveCfg = BondDebug|Any CPU
		{957C06D0-FF42-4C7A-B5E8-7E15C1522B59}.BondDebug|Any CPU.Build.0 = BondDebug|Any CPU
		{957C06D0-FF42-4C7A-B5E8-7E15C1522B59}.Debug|Any CPU.ActiveCfg = Debug|Any CPU
		{957C06D0-FF42-4C7A-B5E8-7E15C1522B59}.Debug|Any CPU.Build.0 = Debug|Any CPU
		{957C06D0-FF42-4C7A-B5E8-7E15C1522B59}.iFASDebug|Any CPU.ActiveCfg = iFASDebug|Any CPU
		{957C06D0-FF42-4C7A-B5E8-7E15C1522B59}.iFASDebug|Any CPU.Build.0 = iFASDebug|Any CPU
		{957C06D0-FF42-4C7A-B5E8-7E15C1522B59}.PersonalBuild|Any CPU.ActiveCfg = BondDebug|Any CPU
		{957C06D0-FF42-4C7A-B5E8-7E15C1522B59}.PersonalBuild|Any CPU.Build.0 = BondDebug|Any CPU
		{957C06D0-FF42-4C7A-B5E8-7E15C1522B59}.Release|Any CPU.ActiveCfg = Release|Any CPU
		{957C06D0-FF42-4C7A-B5E8-7E15C1522B59}.Release|Any CPU.Build.0 = Release|Any CPU
		{957C06D0-FF42-4C7A-B5E8-7E15C1522B59}.SIPDebug|Any CPU.ActiveCfg = SIPDebug|Any CPU
		{957C06D0-FF42-4C7A-B5E8-7E15C1522B59}.SIPDebug|Any CPU.Build.0 = SIPDebug|Any CPU
		{39DC1A18-A725-4DF1-93CE-467C130CEEF9}.BondDebug|Any CPU.ActiveCfg = Debug|Any CPU
		{39DC1A18-A725-4DF1-93CE-467C130CEEF9}.BondDebug|Any CPU.Build.0 = Debug|Any CPU
		{39DC1A18-A725-4DF1-93CE-467C130CEEF9}.Debug|Any CPU.ActiveCfg = Debug|Any CPU
		{39DC1A18-A725-4DF1-93CE-467C130CEEF9}.Debug|Any CPU.Build.0 = Debug|Any CPU
		{39DC1A18-A725-4DF1-93CE-467C130CEEF9}.iFASDebug|Any CPU.ActiveCfg = Debug|Any CPU
		{39DC1A18-A725-4DF1-93CE-467C130CEEF9}.iFASDebug|Any CPU.Build.0 = Debug|Any CPU
		{39DC1A18-A725-4DF1-93CE-467C130CEEF9}.PersonalBuild|Any CPU.ActiveCfg = Release|Any CPU
		{39DC1A18-A725-4DF1-93CE-467C130CEEF9}.PersonalBuild|Any CPU.Build.0 = Release|Any CPU
		{39DC1A18-A725-4DF1-93CE-467C130CEEF9}.Release|Any CPU.ActiveCfg = Release|Any CPU
		{39DC1A18-A725-4DF1-93CE-467C130CEEF9}.Release|Any CPU.Build.0 = Release|Any CPU
		{39DC1A18-A725-4DF1-93CE-467C130CEEF9}.SIPDebug|Any CPU.ActiveCfg = Debug|Any CPU
		{39DC1A18-A725-4DF1-93CE-467C130CEEF9}.SIPDebug|Any CPU.Build.0 = Debug|Any CPU
		{A6E36F4B-6825-44A8-9396-C5BBD8630CB0}.BondDebug|Any CPU.ActiveCfg = Debug|Any CPU
		{A6E36F4B-6825-44A8-9396-C5BBD8630CB0}.BondDebug|Any CPU.Build.0 = Debug|Any CPU
		{A6E36F4B-6825-44A8-9396-C5BBD8630CB0}.Debug|Any CPU.ActiveCfg = Debug|Any CPU
		{A6E36F4B-6825-44A8-9396-C5BBD8630CB0}.Debug|Any CPU.Build.0 = Debug|Any CPU
		{A6E36F4B-6825-44A8-9396-C5BBD8630CB0}.iFASDebug|Any CPU.ActiveCfg = Debug|Any CPU
		{A6E36F4B-6825-44A8-9396-C5BBD8630CB0}.iFASDebug|Any CPU.Build.0 = Debug|Any CPU
		{A6E36F4B-6825-44A8-9396-C5BBD8630CB0}.PersonalBuild|Any CPU.ActiveCfg = Release|Any CPU
		{A6E36F4B-6825-44A8-9396-C5BBD8630CB0}.PersonalBuild|Any CPU.Build.0 = Release|Any CPU
		{A6E36F4B-6825-44A8-9396-C5BBD8630CB0}.Release|Any CPU.ActiveCfg = Release|Any CPU
		{A6E36F4B-6825-44A8-9396-C5BBD8630CB0}.Release|Any CPU.Build.0 = Release|Any CPU
		{A6E36F4B-6825-44A8-9396-C5BBD8630CB0}.SIPDebug|Any CPU.ActiveCfg = Debug|Any CPU
		{A6E36F4B-6825-44A8-9396-C5BBD8630CB0}.SIPDebug|Any CPU.Build.0 = Debug|Any CPU
		{78272235-1F54-4999-968E-A24136D4F875}.BondDebug|Any CPU.ActiveCfg = Debug|Any CPU
		{78272235-1F54-4999-968E-A24136D4F875}.BondDebug|Any CPU.Build.0 = Debug|Any CPU
		{78272235-1F54-4999-968E-A24136D4F875}.Debug|Any CPU.ActiveCfg = Debug|Any CPU
		{78272235-1F54-4999-968E-A24136D4F875}.Debug|Any CPU.Build.0 = Debug|Any CPU
		{78272235-1F54-4999-968E-A24136D4F875}.iFASDebug|Any CPU.ActiveCfg = Debug|Any CPU
		{78272235-1F54-4999-968E-A24136D4F875}.iFASDebug|Any CPU.Build.0 = Debug|Any CPU
		{78272235-1F54-4999-968E-A24136D4F875}.PersonalBuild|Any CPU.ActiveCfg = Release|Any CPU
		{78272235-1F54-4999-968E-A24136D4F875}.PersonalBuild|Any CPU.Build.0 = Release|Any CPU
		{78272235-1F54-4999-968E-A24136D4F875}.Release|Any CPU.ActiveCfg = Release|Any CPU
		{78272235-1F54-4999-968E-A24136D4F875}.Release|Any CPU.Build.0 = Release|Any CPU
		{78272235-1F54-4999-968E-A24136D4F875}.SIPDebug|Any CPU.ActiveCfg = Debug|Any CPU
		{78272235-1F54-4999-968E-A24136D4F875}.SIPDebug|Any CPU.Build.0 = Debug|Any CPU
	EndGlobalSection
	GlobalSection(SolutionProperties) = preSolution
		HideSolutionNode = FALSE
	EndGlobalSection
EndGlobal
